<?xml version="1.0" encoding="utf-8"?>
<Project ToolsVersion="4.0" xmlns="http://schemas.microsoft.com/developer/msbuild/2003">
  <ItemGroup>
    <Filter Include="Source Files">
      <UniqueIdentifier>{4FC737F1-C7A5-4376-A066-2A32D752A2FF}</UniqueIdentifier>
      <Extensions>cpp;c;cc;cxx;c++;cppm;ixx;def;odl;idl;hpj;bat;asm;asmx</Extensions>
    </Filter>
    <Filter Include="Header Files">
      <UniqueIdentifier>{93995380-89BD-4b04-88EB-625FBE52EBFB}</UniqueIdentifier>
      <Extensions>h;hh;hpp;hxx;h++;hm;inl;inc;ipp;xsd</Extensions>
    </Filter>
    <Filter Include="Resource Files">
      <UniqueIdentifier>{67DA6AB6-F800-4c08-8B7A-83BB121AAD01}</UniqueIdentifier>
      <Extensions>rc;ico;cur;bmp;dlg;rc2;rct;bin;rgs;gif;jpg;jpeg;jpe;resx;tiff;tif;png;wav;mfcribbon-ms</Extensions>
    </Filter>
  </ItemGroup>
  <ItemGroup>
    <ClCompile Include="RunningAndDebugging.cpp">
      <Filter>Source Files</Filter>
    </ClCompile>
    <ClCompile Include="Source.cpp">
      <Filter>Source Files</Filter>
    </ClCompile>
    <ClCompile Include="Source1.cpp">
      <Filter>Source Files</Filter>
    </ClCompile>
    <ClCompile Include="Source2.cpp">
      <Filter>Source Files</Filter>
    </ClCompile>
    <ClCompile Include="Source3.cpp">
      <Filter>Source Files</Filter>
    </ClCompile>
    <ClCompile Include="Source4.cpp">
      <Filter>Source Files</Filter>
    </ClCompile>
    <ClCompile Include="share_candies.cpp">
      <Filter>Source Files</Filter>
    </ClCompile>
    <ClCompile Include="finding_minimum_value.cpp">
      <Filter>Source Files</Filter>
    </ClCompile>
    <ClCompile Include="seating_arrangement.cpp">
      <Filter>Source Files</Filter>
    </ClCompile>
    <ClCompile Include="number_of_candies.cpp">
      <Filter>Source Files</Filter>
    </ClCompile>
    <ClCompile Include="artistic_swimming.cpp">
      <Filter>Source Files</Filter>
    </ClCompile>
    <ClCompile Include="secret_message.cpp">
      <Filter>Source Files</Filter>
    </ClCompile>
    <ClCompile Include="moving_to_the_ends.cpp">
      <Filter>Source Files</Filter>
    </ClCompile>
    <ClCompile Include="marathon.cpp">
      <Filter>Source Files</Filter>
    </ClCompile>
    <ClCompile Include="water_refill.cpp">
      <Filter>Source Files</Filter>
    </ClCompile>
    <ClCompile Include="ski.cpp">
      <Filter>Source Files</Filter>
    </ClCompile>
    <ClCompile Include="gridionGauntlet.cpp">
      <Filter>Source Files</Filter>
    </ClCompile>
    <ClCompile Include="lazyPiano.cpp">
      <Filter>Source Files</Filter>
    </ClCompile>
    <ClCompile Include="friendshipQuestionaire.cpp">
      <Filter>Source Files</Filter>
    </ClCompile>
    <ClCompile Include="selectCourses.cpp">
      <Filter>Source Files</Filter>
    </ClCompile>
    <ClCompile Include="security_system.cpp">
      <Filter>Source Files</Filter>
    </ClCompile>
    <ClCompile Include="symmetry_makes_perfect.cpp">
      <Filter>Source Files</Filter>
    </ClCompile>
    <ClCompile Include="met.cpp">
      <Filter>Source Files</Filter>
    </ClCompile>
    <ClCompile Include="cake_cutting.cpp">
      <Filter>Source Files</Filter>
    </ClCompile>
    <ClCompile Include="weightlifting.cpp">
      <Filter>Source Files</Filter>
    </ClCompile>
    <ClCompile Include="pallindromic_partition.cpp">
      <Filter>Source Files</Filter>
    </ClCompile>
    <ClCompile Include="happy_dog_happy_life.cpp">
      <Filter>Source Files</Filter>
    </ClCompile>
    <ClCompile Include="making_new_friends.cpp">
      <Filter>Source Files</Filter>
    </ClCompile>
    <ClCompile Include="capital_city.cpp">
      <Filter>Source Files</Filter>
    </ClCompile>
    <ClCompile Include="speed_bump.cpp">
      <Filter>Source Files</Filter>
    </ClCompile>
  </ItemGroup>
</Project>